
Microsoft Visual Studio Solution File, Format Version 12.00
# Visual Studio Version 17
VisualStudioVersion = 17.14.37531.7 d17.14
MinimumVisualStudioVersion = 10.0.40219.1
Project("{FAE04EC0-301F-11D3-BF4B-00C04F79EFBC}") = "learn 1", "learn 1\learn 1.csproj", "{3EB6222A-A4F0-4B6C-ADB3-B5F4C9250A09}"
EndProject
Global
	GlobalSection(SolutionConfigurationPlatforms) = preSolution
		Debug|Any CPU = Debug|Any CPU
		Release|Any CPU = Release|Any CPU
	EndGlobalSection
	GlobalSection(ProjectConfigurationPlatforms) = postSolution
		{3EB6222A-A4F0-4B6C-ADB3-B5F4C9250A09}.Debug|Any CPU.ActiveCfg = Debug|Any CPU
		{3EB6222A-A4F0-4B6C-ADB3-B5F4C9250A09}.Debug|Any CPU.Build.0 = Debug|Any CPU
		{3EB6222A-A4F0-4B6C-ADB3-B5F4C9250A09}.Release|Any CPU.ActiveCfg = Release|Any CPU
		{3EB6222A-A4F0-4B6C-ADB3-B5F4C9250A09}.Release|Any CPU.Build.0 = Release|Any CPU
	EndGlobalSection
	GlobalSection(SolutionProperties) = preSolution
		HideSolutionNode = FALSE
	EndGlobalSection
	GlobalSection(ExtensibilityGlobals) = postSolution
		SolutionGuid = {48CB5454-507E-4B04-B9F9-ADD0EDA2326C}
	EndGlobalSection
EndGlobal
